
Microsoft Visual Studio Solution File, Format Version 12.00
# Visual Studio Version 17
VisualStudioVersion = 17.14.36414.22 d17.14
MinimumVisualStudioVersion = 10.0.40219.1
Project("{8BC9CEB8-8B4A-11D0-8D11-00A0C91BC942}") = "windows-shutdown", "windows-shutdown\windows-shutdown.vcxproj", "{FB891990-7C51-4729-BA91-18FE7F8FB9B4}"
EndProject
Global
	GlobalSection(SolutionConfigurationPlatforms) = preSolution
		Debug|x64 = Debug|x64
		Debug|x86 = Debug|x86
		Release|x64 = Release|x64
		Release|x86 = Release|x86
	EndGlobalSection
	GlobalSection(ProjectConfigurationPlatforms) = postSolution
		{FB891990-7C51-4729-BA91-18FE7F8FB9B4}.Debug|x64.ActiveCfg = Debug|x64
		{FB891990-7C51-4729-BA91-18FE7F8FB9B4}.Debug|x64.Build.0 = Debug|x64
		{FB891990-7C51-4729-BA91-18FE7F8FB9B4}.Debug|x86.ActiveCfg = Debug|Win32
		{FB891990-7C51-4729-BA91-18FE7F8FB9B4}.Debug|x86.Build.0 = Debug|Win32
		{FB891990-7C51-4729-BA91-18FE7F8FB9B4}.Release|x64.ActiveCfg = Release|x64
		{FB891990-7C51-4729-BA91-18FE7F8FB9B4}.Release|x64.Build.0 = Release|x64
		{FB891990-7C51-4729-BA91-18FE7F8FB9B4}.Release|x86.ActiveCfg = Release|Win32
		{FB891990-7C51-4729-BA91-18FE7F8FB9B4}.Release|x86.Build.0 = Release|Win32
	EndGlobalSection
	GlobalSection(SolutionProperties) = preSolution
		HideSolutionNode = FALSE
	EndGlobalSection
	GlobalSection(ExtensibilityGlobals) = postSolution
		SolutionGuid = {3A7B395B-9B2A-4D70-8B01-94C9A03BC3A5}
	EndGlobalSection
EndGlobal
