<?xml version="1.0" encoding="utf-8"?>
<Project ToolsVersion="4.0" xmlns="http://schemas.microsoft.com/developer/msbuild/2003">
  <ItemGroup>
    <Filter Include="源文件">
      <UniqueIdentifier>{4FC737F1-C7A5-4376-A066-2A32D752A2FF}</UniqueIdentifier>
      <Extensions>cpp;c;cc;cxx;c++;cppm;ixx;def;odl;idl;hpj;bat;asm;asmx</Extensions>
    </Filter>
    <Filter Include="头文件">
      <UniqueIdentifier>{93995380-89BD-4b04-88EB-625FBE52EBFB}</UniqueIdentifier>
      <Extensions>h;hh;hpp;hxx;h++;hm;inl;inc;ipp;xsd</Extensions>
    </Filter>
    <Filter Include="资源文件">
      <UniqueIdentifier>{67DA6AB6-F800-4c08-8B7A-83BB121AAD01}</UniqueIdentifier>
      <Extensions>rc;ico;cur;bmp;dlg;rc2;rct;bin;rgs;gif;jpg;jpeg;jpe;resx;tiff;tif;png;wav;mfcribbon-ms</Extensions>
    </Filter>
    <Filter Include="头文件\ui">
      <UniqueIdentifier>{502d2fc1-b33b-411f-8b6e-cdd8bd72e112}</UniqueIdentifier>
    </Filter>
    <Filter Include="头文件\core">
      <UniqueIdentifier>{b21f1e7a-7a95-4f22-a827-1c5e6f06689d}</UniqueIdentifier>
    </Filter>
    <Filter Include="头文件\types">
      <UniqueIdentifier>{2db92704-e442-4fe9-b1b4-fc79b2d43bd3}</UniqueIdentifier>
    </Filter>
  </ItemGroup>
  <ItemGroup>
    <ClInclude Include="framework.h">
      <Filter>头文件</Filter>
    </ClInclude>
    <ClInclude Include="targetver.h">
      <Filter>头文件</Filter>
    </ClInclude>
    <ClInclude Include="Resource.h">
      <Filter>头文件</Filter>
    </ClInclude>
    <ClInclude Include="windows-shutdown.h">
      <Filter>头文件</Filter>
    </ClInclude>
    <ClInclude Include="image-button.h">
      <Filter>头文件\types</Filter>
    </ClInclude>
    <ClInclude Include="config.h">
      <Filter>头文件\types</Filter>
    </ClInclude>
    <ClInclude Include="consts.h">
      <Filter>头文件</Filter>
    </ClInclude>
    <ClInclude Include="render.h">
      <Filter>头文件\ui</Filter>
    </ClInclude>
    <ClInclude Include="app-state.h">
      <Filter>头文件\core</Filter>
    </ClInclude>
    <ClInclude Include="controller.h">
      <Filter>头文件\core</Filter>
    </ClInclude>
    <ClInclude Include="window.h">
      <Filter>头文件\core</Filter>
    </ClInclude>
    <ClInclude Include="i18n.h">
      <Filter>头文件\ui</Filter>
    </ClInclude>
  </ItemGroup>
  <ItemGroup>
    <ClCompile Include="main.cpp">
      <Filter>源文件</Filter>
    </ClCompile>
    <ClCompile Include="config.cpp">
      <Filter>源文件</Filter>
    </ClCompile>
    <ClCompile Include="render.cpp">
      <Filter>源文件</Filter>
    </ClCompile>
    <ClCompile Include="controller.cpp">
      <Filter>源文件</Filter>
    </ClCompile>
    <ClCompile Include="window.cpp">
      <Filter>源文件</Filter>
    </ClCompile>
    <ClCompile Include="i18n.cpp">
      <Filter>源文件</Filter>
    </ClCompile>
    <ClCompile Include="image-button.cpp">
      <Filter>源文件</Filter>
    </ClCompile>
  </ItemGroup>
  <ItemGroup>
    <ResourceCompile Include="windows-shutdown.rc">
      <Filter>资源文件</Filter>
    </ResourceCompile>
  </ItemGroup>
  <ItemGroup>
    <Image Include="small.ico">
      <Filter>资源文件</Filter>
    </Image>
    <Image Include="windows-shutdown.ico">
      <Filter>资源文件</Filter>
    </Image>
    <Image Include="assets\restart.png">
      <Filter>资源文件</Filter>
    </Image>
    <Image Include="assets\shutdown.png">
      <Filter>资源文件</Filter>
    </Image>
    <Image Include="icon.ico">
      <Filter>资源文件</Filter>
    </Image>
    <Image Include="assets\shutdown-icon.png">
      <Filter>资源文件</Filter>
    </Image>
    <Image Include="assets\config.png">
      <Filter>资源文件</Filter>
    </Image>
    <Image Include="assets\lock.png">
      <Filter>资源文件</Filter>
    </Image>
    <Image Include="assets\sleep.png">
      <Filter>资源文件</Filter>
    </Image>
  </ItemGroup>
  <ItemGroup>
    <None Include="make-icon.py" />
    <None Include="..\package.json" />
  </ItemGroup>
</Project>